
Microsoft Visual Studio Solution File, Format Version 12.00
# Visual Studio Version 16
VisualStudioVersion = 16.0.31410.357
MinimumVisualStudioVersion = 10.0.40219.1
Project("{FAE04EC0-301F-11D3-BF4B-00C04F79EFBC}") = "Homework9", "Homework9\Homework9.csproj", "{B0E37E44-7FC3-4C6C-BE59-78E7E3154ECA}"
EndProject
Project("{FAE04EC0-301F-11D3-BF4B-00C04F79EFBC}") = "Models", "Models\Models.csproj", "{7D10A879-0EB6-42E2-8207-B72FB8F35004}"
EndProject
Global
	GlobalSection(SolutionConfigurationPlatforms) = preSolution
		Debug|Any CPU = Debug|Any CPU
		Release|Any CPU = Release|Any CPU
	EndGlobalSection
	GlobalSection(ProjectConfigurationPlatforms) = postSolution
		{B0E37E44-7FC3-4C6C-BE59-78E7E3154ECA}.Debug|Any CPU.ActiveCfg = Debug|Any CPU
		{B0E37E44-7FC3-4C6C-BE59-78E7E3154ECA}.Debug|Any CPU.Build.0 = Debug|Any CPU
		{B0E37E44-7FC3-4C6C-BE59-78E7E3154ECA}.Release|Any CPU.ActiveCfg = Release|Any CPU
		{B0E37E44-7FC3-4C6C-BE59-78E7E3154ECA}.Release|Any CPU.Build.0 = Release|Any CPU
		{7D10A879-0EB6-42E2-8207-B72FB8F35004}.Debug|Any CPU.ActiveCfg = Debug|Any CPU
		{7D10A879-0EB6-42E2-8207-B72FB8F35004}.Debug|Any CPU.Build.0 = Debug|Any CPU
		{7D10A879-0EB6-42E2-8207-B72FB8F35004}.Release|Any CPU.ActiveCfg = Release|Any CPU
		{7D10A879-0EB6-42E2-8207-B72FB8F35004}.Release|Any CPU.Build.0 = Release|Any CPU
	EndGlobalSection
	GlobalSection(SolutionProperties) = preSolution
		HideSolutionNode = FALSE
	EndGlobalSection
	GlobalSection(ExtensibilityGlobals) = postSolution
		SolutionGuid = {AFFF5F71-DCD9-400F-855F-DE73BB19D043}
	EndGlobalSection
EndGlobal
